# This file is automatically @generated by Cargo.
# It is not intended for manual editing.
version = 3

[[package]]
name = "cudarc"
version = "0.9.9"
source = "registry+https://github.com/rust-lang/crates.io-index"
checksum = "5ed31a3c990879a0e35a4811197c3d4f65f23700c47fa8b48577442ec16fada8"

[[package]]
name = "kernels_triton"
version = "0.1.0"
dependencies = [
 "cudarc",
]
